
Microsoft Visual Studio Solution File, Format Version 12.00
# Visual Studio Version 16
VisualStudioVersion = 16.0.29613.14
MinimumVisualStudioVersion = 10.0.40219.1
Project("{FAE04EC0-301F-11D3-BF4B-00C04F79EFBC}") = "SudokuSolverForm", "SudokuSolverForm\SudokuSolverForm.csproj", "{FEC21082-A9A6-4B13-8A0F-37A30F22FA31}"
EndProject
Project("{FAE04EC0-301F-11D3-BF4B-00C04F79EFBC}") = "SudokuSolver", "SudokuSolver\SudokuSolver.csproj", "{6F891C78-160F-4DB4-BB85-6AB2E8BDF7A9}"
EndProject
Global
	GlobalSection(SolutionConfigurationPlatforms) = preSolution
		Debug|Any CPU = Debug|Any CPU
		Release|Any CPU = Release|Any CPU
	EndGlobalSection
	GlobalSection(ProjectConfigurationPlatforms) = postSolution
		{FEC21082-A9A6-4B13-8A0F-37A30F22FA31}.Debug|Any CPU.ActiveCfg = Debug|Any CPU
		{FEC21082-A9A6-4B13-8A0F-37A30F22FA31}.Debug|Any CPU.Build.0 = Debug|Any CPU
		{FEC21082-A9A6-4B13-8A0F-37A30F22FA31}.Release|Any CPU.ActiveCfg = Release|Any CPU
		{FEC21082-A9A6-4B13-8A0F-37A30F22FA31}.Release|Any CPU.Build.0 = Release|Any CPU
		{6F891C78-160F-4DB4-BB85-6AB2E8BDF7A9}.Debug|Any CPU.ActiveCfg = Debug|Any CPU
		{6F891C78-160F-4DB4-BB85-6AB2E8BDF7A9}.Debug|Any CPU.Build.0 = Debug|Any CPU
		{6F891C78-160F-4DB4-BB85-6AB2E8BDF7A9}.Release|Any CPU.ActiveCfg = Release|Any CPU
		{6F891C78-160F-4DB4-BB85-6AB2E8BDF7A9}.Release|Any CPU.Build.0 = Release|Any CPU
	EndGlobalSection
	GlobalSection(SolutionProperties) = preSolution
		HideSolutionNode = FALSE
	EndGlobalSection
	GlobalSection(ExtensibilityGlobals) = postSolution
		SolutionGuid = {DEE77A36-1D8F-48B9-913B-F1932CAE56A0}
	EndGlobalSection
EndGlobal
